// !$*UTF8*$!
{
	archiveVersion = 1;
	classes = {
	};
	objectVersion = 46;
	objects = {

/* Begin PBXBuildFile section */
		75A1702E1B96D71900423120 /* AppDelegate.swift in Sources */ = {isa = PBXBuildFile; fileRef = 75A1702D1B96D71900423120 /* AppDelegate.swift */; };
		75A170301B96D71900423120 /* ViewController.swift in Sources */ = {isa = PBXBuildFile; fileRef = 75A1702F1B96D71900423120 /* ViewController.swift */; };
		75A170331B96D71A00423120 /* Main.storyboard in Resources */ = {isa = PBXBuildFile; fileRef = 75A170311B96D71A00423120 /* Main.storyboard */; };
		75A170351B96D71A00423120 /* Images.xcassets in Resources */ = {isa = PBXBuildFile; fileRef = 75A170341B96D71A00423120 /* Images.xcassets */; };
		75A170381B96D71A00423120 /* LaunchScreen.xib in Resources */ = {isa = PBXBuildFile; fileRef = 75A170361B96D71A00423120 /* LaunchScreen.xib */; };
		75A170441B96D71A00423120 /* ItsuDareGameTests.swift in Sources */ = {isa = PBXBuildFile; fileRef = 75A170431B96D71A00423120 /* ItsuDareGameTests.swift */; };
/* End PBXBuildFile section */

/* Begin PBXContainerItemProxy section */
		75A1703E1B96D71A00423120 /* PBXContainerItemProxy */ = {
			isa = PBXContainerItemProxy;
			containerPortal = 75A170201B96D71900423120 /* Project object */;
			proxyType = 1;
			remoteGlobalIDString = 75A170271B96D71900423120;
			remoteInfo = ItsuDareGame;
		};
/* End PBXContainerItemProxy section */

/* Begin PBXFileReference section */
		75A170281B96D71900423120 /* ItsuDareGame.app */ = {isa = PBXFileReference; explicitFileType = wrapper.application; includeInIndex = 0; path = ItsuDareGame.app; sourceTree = BUILT_PRODUCTS_DIR; };
		75A1702C1B96D71900423120 /* Info.plist */ = {isa = PBXFileReference; lastKnownFileType = text.plist.xml; path = Info.plist; sourceTree = "<group>"; };
		75A1702D1B96D71900423120 /* AppDelegate.swift */ = {isa = PBXFileReference; lastKnownFileType = sourcecode.swift; path = AppDelegate.swift; sourceTree = "<group>"; };
		75A1702F1B96D71900423120 /* ViewController.swift */ = {isa = PBXFileReference; lastKnownFileType = sourcecode.swift; path = ViewController.swift; sourceTree = "<group>"; };
		75A170321B96D71A00423120 /* Base */ = {isa = PBXFileReference; lastKnownFileType = file.storyboard; name = Base; path = Base.lproj/Main.storyboard; sourceTree = "<group>"; };
		75A170341B96D71A00423120 /* Images.xcassets */ = {isa = PBXFileReference; lastKnownFileType = folder.assetcatalog; path = Images.xcassets; sourceTree = "<group>"; };
		75A170371B96D71A00423120 /* Base */ = {isa = PBXFileReference; lastKnownFileType = file.xib; name = Base; path = Base.lproj/LaunchScreen.xib; sourceTree = "<group>"; };
		75A1703D1B96D71A00423120 /* ItsuDareGameTests.xctest */ = {isa = PBXFileReference; explicitFileType = wrapper.cfbundle; includeInIndex = 0; path = ItsuDareGameTests.xctest; sourceTree = BUILT_PRODUCTS_DIR; };
		75A170421B96D71A00423120 /* Info.plist */ = {isa = PBXFileReference; lastKnownFileType = text.plist.xml; path = Info.plist; sourceTree = "<group>"; };
		75A170431B96D71A00423120 /* ItsuDareGameTests.swift */ = {isa = PBXFileReference; lastKnownFileType = sourcecode.swift; path = ItsuDareGameTests.swift; sourceTree = "<group>"; };
/* End PBXFileReference section */

/* Begin PBXFrameworksBuildPhase section */
		75A170251B96D71900423120 /* Frameworks */ = {
			isa = PBXFrameworksBuildPhase;
			buildActionMask = 2147483647;
			files = (
			);
			runOnlyForDeploymentPostprocessing = 0;
		};
		75A1703A1B96D71A00423120 /* Frameworks */ = {
			isa = PBXFrameworksBuildPhase;
			buildActionMask = 2147483647;
			files = (
			);
			runOnlyForDeploymentPostprocessing = 0;
		};
/* End PBXFrameworksBuildPhase section */

/* Begin PBXGroup section */
		75A1701F1B96D71900423120 = {
			isa = PBXGroup;
			children = (
				75A1702A1B96D71900423120 /* ItsuDareGame */,
				75A170401B96D71A00423120 /* ItsuDareGameTests */,
				75A170291B96D71900423120 /* Products */,
			);
			sourceTree = "<group>";
		};
		75A170291B96D71900423120 /* Products */ = {
			isa = PBXGroup;
			children = (
				75A170281B96D71900423120 /* ItsuDareGame.app */,
				75A1703D1B96D71A00423120 /* ItsuDareGameTests.xctest */,
			);
			name = Products;
			sourceTree = "<group>";
		};
		75A1702A1B96D71900423120 /* ItsuDareGame */ = {
			isa = PBXGroup;
			children = (
				75A1702D1B96D71900423120 /* AppDelegate.swift */,
				75A1702F1B96D71900423120 /* ViewController.swift */,
				75A170311B96D71A00423120 /* Main.storyboard */,
				75A170341B96D71A00423120 /* Images.xcassets */,
				75A170361B96D71A00423120 /* LaunchScreen.xib */,
				75A1702B1B96D71900423120 /* Supporting Files */,
			);
			path = ItsuDareGame;
			sourceTree = "<group>";
		};
		75A1702B1B96D71900423120 /* Supporting Files */ = {
			isa = PBXGroup;
			children = (
				75A1702C1B96D71900423120 /* Info.plist */,
			);
			name = "Supporting Files";
			sourceTree = "<group>";
		};
		75A170401B96D71A00423120 /* ItsuDareGameTests */ = {
			isa = PBXGroup;
			children = (
				75A170431B96D71A00423120 /* ItsuDareGameTests.swift */,
				75A170411B96D71A00423120 /* Supporting Files */,
			);
			path = ItsuDareGameTests;
			sourceTree = "<group>";
		};
		75A170411B96D71A00423120 /* Supporting Files */ = {
			isa = PBXGroup;
			children = (
				75A170421B96D71A00423120 /* Info.plist */,
			);
			name = "Supporting Files";
			sourceTree = "<group>";
		};
/* End PBXGroup section */

/* Begin PBXNativeTarget section */
		75A170271B96D71900423120 /* ItsuDareGame */ = {
			isa = PBXNativeTarget;
			buildConfigurationList = 75A170471B96D71A00423120 /* Build configuration list for PBXNativeTarget "ItsuDareGame" */;
			buildPhases = (
				75A170241B96D71900423120 /* Sources */,
				75A170251B96D71900423120 /* Frameworks */,
				75A170261B96D71900423120 /* Resources */,
			);
			buildRules = (
			);
			dependencies = (
			);
			name = ItsuDareGame;
			productName = ItsuDareGame;
			productReference = 75A170281B96D71900423120 /* ItsuDareGame.app */;
			productType = "com.apple.product-type.application";
		};
		75A1703C1B96D71A00423120 /* ItsuDareGameTests */ = {
			isa = PBXNativeTarget;
			buildConfigurationList = 75A1704A1B96D71A00423120 /* Build configuration list for PBXNativeTarget "ItsuDareGameTests" */;
			buildPhases = (
				75A170391B96D71A00423120 /* Sources */,
				75A1703A1B96D71A00423120 /* Frameworks */,
				75A1703B1B96D71A00423120 /* Resources */,
			);
			buildRules = (
			);
			dependencies = (
				75A1703F1B96D71A00423120 /* PBXTargetDependency */,
			);
			name = ItsuDareGameTests;
			productName = ItsuDareGameTests;
			productReference = 75A1703D1B96D71A00423120 /* ItsuDareGameTests.xctest */;
			productType = "com.apple.product-type.bundle.unit-test";
		};
/* End PBXNativeTarget section */

/* Begin PBXProject section */
		75A170201B96D71900423120 /* Project object */ = {
			isa = PBXProject;
			attributes = {
				LastSwiftUpdateCheck = 0700;
				LastUpgradeCheck = 0640;
				ORGANIZATIONNAME = YUMAKOMORI;
				TargetAttributes = {
					75A170271B96D71900423120 = {
						CreatedOnToolsVersion = 6.4;
						DevelopmentTeam = Q8A4DM8YAW;
						LastSwiftMigration = 0810;
					};
					75A1703C1B96D71A00423120 = {
						CreatedOnToolsVersion = 6.4;
						LastSwiftMigration = 0810;
						TestTargetID = 75A170271B96D71900423120;
					};
				};
			};
			buildConfigurationList = 75A170231B96D71900423120 /* Build configuration list for PBXProject "ItsuDareGame" */;
			compatibilityVersion = "Xcode 3.2";
			developmentRegion = English;
			hasScannedForEncodings = 0;
			knownRegions = (
				en,
				Base,
			);
			mainGroup = 75A1701F1B96D71900423120;
			productRefGroup = 75A170291B96D71900423120 /* Products */;
			projectDirPath = "";
			projectRoot = "";
			targets = (
				75A170271B96D71900423120 /* ItsuDareGame */,
				75A1703C1B96D71A00423120 /* ItsuDareGameTests */,
			);
		};
/* End PBXProject section */

/* Begin PBXResourcesBuildPhase section */
		75A170261B96D71900423120 /* Resources */ = {
			isa = PBXResourcesBuildPhase;
			buildActionMask = 2147483647;
			files = (
				75A170331B96D71A00423120 /* Main.storyboard in Resources */,
				75A170381B96D71A00423120 /* LaunchScreen.xib in Resources */,
				75A170351B96D71A00423120 /* Images.xcassets in Resources */,
			);
			runOnlyForDeploymentPostprocessing = 0;
		};
		75A1703B1B96D71A00423120 /* Resources */ = {
			isa = PBXResourcesBuildPhase;
			buildActionMask = 2147483647;
			files = (
			);
			runOnlyForDeploymentPostprocessing = 0;
		};
/* End PBXResourcesBuildPhase section */

/* Begin PBXSourcesBuildPhase section */
		75A170241B96D71900423120 /* Sources */ = {
			isa = PBXSourcesBuildPhase;
			buildActionMask = 2147483647;
			files = (
				75A170301B96D71900423120 /* ViewController.swift in Sources */,
				75A1702E1B96D71900423120 /* AppDelegate.swift in Sources */,
			);
			runOnlyForDeploymentPostprocessing = 0;
		};
		75A170391B96D71A00423120 /* Sources */ = {
			isa = PBXSourcesBuildPhase;
			buildActionMask = 2147483647;
			files = (
				75A170441B96D71A00423120 /* ItsuDareGameTests.swift in Sources */,
			);
			runOnlyForDeploymentPostprocessing = 0;
		};
/* End PBXSourcesBuildPhase section */

/* Begin PBXTargetDependency section */
		75A1703F1B96D71A00423120 /* PBXTargetDependency */ = {
			isa = PBXTargetDependency;
			target = 75A170271B96D71900423120 /* ItsuDareGame */;
			targetProxy = 75A1703E1B96D71A00423120 /* PBXContainerItemProxy */;
		};
/* End PBXTargetDependency section */

/* Begin PBXVariantGroup section */
		75A170311B96D71A00423120 /* Main.storyboard */ = {
			isa = PBXVariantGroup;
			children = (
				75A170321B96D71A00423120 /* Base */,
			);
			name = Main.storyboard;
			sourceTree = "<group>";
		};
		75A170361B96D71A00423120 /* LaunchScreen.xib */ = {
			isa = PBXVariantGroup;
			children = (
				75A170371B96D71A00423120 /* Base */,
			);
			name = LaunchScreen.xib;
			sourceTree = "<group>";
		};
/* End PBXVariantGroup section */

/* Begin XCBuildConfiguration section */
		75A170451B96D71A00423120 /* Debug */ = {
			isa = XCBuildConfiguration;
			buildSettings = {
				ALWAYS_SEARCH_USER_PATHS = NO;
				CLANG_CXX_LANGUAGE_STANDARD = "gnu++0x";
				CLANG_CXX_LIBRARY = "libc++";
				CLANG_ENABLE_MODULES = YES;
				CLANG_ENABLE_OBJC_ARC = YES;
				CLANG_WARN_BOOL_CONVERSION = YES;
				CLANG_WARN_CONSTANT_CONVERSION = YES;
				CLANG_WARN_DIRECT_OBJC_ISA_USAGE = YES_ERROR;
				CLANG_WARN_EMPTY_BODY = YES;
				CLANG_WARN_ENUM_CONVERSION = YES;
				CLANG_WARN_INT_CONVERSION = YES;
				CLANG_WARN_OBJC_ROOT_CLASS = YES_ERROR;
				CLANG_WARN_UNREACHABLE_CODE = YES;
				CLANG_WARN__DUPLICATE_METHOD_MATCH = YES;
				"CODE_SIGN_IDENTITY[sdk=iphoneos*]" = "iPhone Developer";
				COPY_PHASE_STRIP = NO;
				DEBUG_INFORMATION_FORMAT = "dwarf-with-dsym";
				ENABLE_STRICT_OBJC_MSGSEND = YES;
				GCC_C_LANGUAGE_STANDARD = gnu99;
				GCC_DYNAMIC_NO_PIC = NO;
				GCC_NO_COMMON_BLOCKS = YES;
				GCC_OPTIMIZATION_LEVEL = 0;
				GCC_PREPROCESSOR_DEFINITIONS = (
					"DEBUG=1",
					"$(inherited)",
				);
				GCC_SYMBOLS_PRIVATE_EXTERN = NO;
				GCC_WARN_64_TO_32_BIT_CONVERSION = YES;
				GCC_WARN_ABOUT_RETURN_TYPE = YES_ERROR;
				GCC_WARN_UNDECLARED_SELECTOR = YES;
				GCC_WARN_UNINITIALIZED_AUTOS = YES_AGGRESSIVE;
				GCC_WARN_UNUSED_FUNCTION = YES;
				GCC_WARN_UNUSED_VARIABLE = YES;
				IPHONEOS_DEPLOYMENT_TARGET = 8.4;
				MTL_ENABLE_DEBUG_INFO = YES;
				ONLY_ACTIVE_ARCH = YES;
				SDKROOT = iphoneos;
				SWIFT_OPTIMIZATION_LEVEL = "-Onone";
			};
			name = Debug;
		};
		75A170461B96D71A00423120 /* Release */ = {
			isa = XCBuildConfiguration;
			buildSettings = {
				ALWAYS_SEARCH_USER_PATHS = NO;
				CLANG_CXX_LANGUAGE_STANDARD = "gnu++0x";
				CLANG_CXX_LIBRARY = "libc++";
				CLANG_ENABLE_MODULES = YES;
				CLANG_ENABLE_OBJC_ARC = YES;
				CLANG_WARN_BOOL_CONVERSION = YES;
				CLANG_WARN_CONSTANT_CONVERSION = YES;
				CLANG_WARN_DIRECT_OBJC_ISA_USAGE = YES_ERROR;
				CLANG_WARN_EMPTY_BODY = YES;
				CLANG_WARN_ENUM_CONVERSION = YES;
				CLANG_WARN_INT_CONVERSION = YES;
				CLANG_WARN_OBJC_ROOT_CLASS = YES_ERROR;
				CLANG_WARN_UNREACHABLE_CODE = YES;
				CLANG_WARN__DUPLICATE_METHOD_MATCH = YES;
				"CODE_SIGN_IDENTITY[sdk=iphoneos*]" = "iPhone Developer";
				COPY_PHASE_STRIP = NO;
				DEBUG_INFORMATION_FORMAT = "dwarf-with-dsym";
				ENABLE_NS_ASSERTIONS = NO;
				ENABLE_STRICT_OBJC_MSGSEND = YES;
				GCC_C_LANGUAGE_STANDARD = gnu99;
				GCC_NO_COMMON_BLOCKS = YES;
				GCC_WARN_64_TO_32_BIT_CONVERSION = YES;
				GCC_WARN_ABOUT_RETURN_TYPE = YES_ERROR;
				GCC_WARN_UNDECLARED_SELECTOR = YES;
				GCC_WARN_UNINITIALIZED_AUTOS = YES_AGGRESSIVE;
				GCC_WARN_UNUSED_FUNCTION = YES;
				GCC_WARN_UNUSED_VARIABLE = YES;
				IPHONEOS_DEPLOYMENT_TARGET = 8.4;
				MTL_ENABLE_DEBUG_INFO = NO;
				SDKROOT = iphoneos;
				VALIDATE_PRODUCT = YES;
			};
			name = Release;
		};
		75A170481B96D71A00423120 /* Debug */ = {
			isa = XCBuildConfiguration;
			buildSettings = {
				ASSETCATALOG_COMPILER_APPICON_NAME = AppIcon;
				CODE_SIGN_IDENTITY = "iPhone Developer";
				INFOPLIST_FILE = ItsuDareGame/Info.plist;
				IPHONEOS_DEPLOYMENT_TARGET = 8.1;
				LD_RUNPATH_SEARCH_PATHS = "$(inherited) @executable_path/Frameworks";
				PRODUCT_NAME = "$(TARGET_NAME)";
				SWIFT_VERSION = 3.0;
			};
			name = Debug;
		};
		75A170491B96D71A00423120 /* Release */ = {
			isa = XCBuildConfiguration;
			buildSettings = {
				ASSETCATALOG_COMPILER_APPICON_NAME = AppIcon;
				CODE_SIGN_IDENTITY = "iPhone Developer";
				INFOPLIST_FILE = ItsuDareGame/Info.plist;
				IPHONEOS_DEPLOYMENT_TARGET = 8.1;
				LD_RUNPATH_SEARCH_PATHS = "$(inherited) @executable_path/Frameworks";
				PRODUCT_NAME = "$(TARGET_NAME)";
				SWIFT_VERSION = 3.0;
			};
			name = Release;
		};
		75A1704B1B96D71A00423120 /* Debug */ = {
			isa = XCBuildConfiguration;
			buildSettings = {
				BUNDLE_LOADER = "$(TEST_HOST)";
				FRAMEWORK_SEARCH_PATHS = (
					"$(SDKROOT)/Developer/Library/Frameworks",
					"$(inherited)",
				);
				GCC_PREPROCESSOR_DEFINITIONS = (
					"DEBUG=1",
					"$(inherited)",
				);
				INFOPLIST_FILE = ItsuDareGameTests/Info.plist;
				LD_RUNPATH_SEARCH_PATHS = "$(inherited) @executable_path/Frameworks @loader_path/Frameworks";
				PRODUCT_NAME = "$(TARGET_NAME)";
				SWIFT_VERSION = 3.0;
				TEST_HOST = "$(BUILT_PRODUCTS_DIR)/ItsuDareGame.app/ItsuDareGame";
			};
			name = Debug;
		};
		75A1704C1B96D71A00423120 /* Release */ = {
			isa = XCBuildConfiguration;
			buildSettings = {
				BUNDLE_LOADER = "$(TEST_HOST)";
				FRAMEWORK_SEARCH_PATHS = (
					"$(SDKROOT)/Developer/Library/Frameworks",
					"$(inherited)",
				);
				INFOPLIST_FILE = ItsuDareGameTests/Info.plist;
				LD_RUNPATH_SEARCH_PATHS = "$(inherited) @executable_path/Frameworks @loader_path/Frameworks";
				PRODUCT_NAME = "$(TARGET_NAME)";
				SWIFT_VERSION = 3.0;
				TEST_HOST = "$(BUILT_PRODUCTS_DIR)/ItsuDareGame.app/ItsuDareGame";
			};
			name = Release;
		};
/* End XCBuildConfiguration section */

/* Begin XCConfigurationList section */
		75A170231B96D71900423120 /* Build configuration list for PBXProject "ItsuDareGame" */ = {
			isa = XCConfigurationList;
			buildConfigurations = (
				75A170451B96D71A00423120 /* Debug */,
				75A170461B96D71A00423120 /* Release */,
			);
			defaultConfigurationIsVisible = 0;
			defaultConfigurationName = Release;
		};
		75A170471B96D71A00423120 /* Build configuration list for PBXNativeTarget "ItsuDareGame" */ = {
			isa = XCConfigurationList;
			buildConfigurations = (
				75A170481B96D71A00423120 /* Debug */,
				75A170491B96D71A00423120 /* Release */,
			);
			defaultConfigurationIsVisible = 0;
			defaultConfigurationName = Release;
		};
		75A1704A1B96D71A00423120 /* Build configuration list for PBXNativeTarget "ItsuDareGameTests" */ = {
			isa = XCConfigurationList;
			buildConfigurations = (
				75A1704B1B96D71A00423120 /* Debug */,
				75A1704C1B96D71A00423120 /* Release */,
			);
			defaultConfigurationIsVisible = 0;
			defaultConfigurationName = Release;
		};
/* End XCConfigurationList section */
	};
	rootObject = 75A170201B96D71900423120 /* Project object */;
}
